
Microsoft Visual Studio Solution File, Format Version 12.00
# Visual Studio 14
VisualStudioVersion = 14.0.25420.1
MinimumVisualStudioVersion = 10.0.40219.1
Project("{FAE04EC0-301F-11D3-BF4B-00C04F79EFBC}") = "UI", "EventsMap\UI.csproj", "{62CCD516-DECF-43A4-B8B9-0F04A21A82AC}"
EndProject
Project("{FAE04EC0-301F-11D3-BF4B-00C04F79EFBC}") = "Domain", "Domain\Domain.csproj", "{8BECD8D6-0C6C-480D-B3E6-1916369E87BA}"
EndProject
Project("{FAE04EC0-301F-11D3-BF4B-00C04F79EFBC}") = "Domain.Testing", "Domain.Testing\Domain.Testing.csproj", "{B99938E1-ECB4-4A13-8E25-3B7368AA41D8}"
EndProject
Project("{FAE04EC0-301F-11D3-BF4B-00C04F79EFBC}") = "DataAccess", "DataAccess\DataAccess.csproj", "{1BA61311-9EB4-4046-9345-960C8B40E0C3}"
EndProject
Global
	GlobalSection(SolutionConfigurationPlatforms) = preSolution
		Debug|Any CPU = Debug|Any CPU
		Release|Any CPU = Release|Any CPU
	EndGlobalSection
	GlobalSection(ProjectConfigurationPlatforms) = postSolution
		{62CCD516-DECF-43A4-B8B9-0F04A21A82AC}.Debug|Any CPU.ActiveCfg = Debug|Any CPU
		{62CCD516-DECF-43A4-B8B9-0F04A21A82AC}.Debug|Any CPU.Build.0 = Debug|Any CPU
		{62CCD516-DECF-43A4-B8B9-0F04A21A82AC}.Release|Any CPU.ActiveCfg = Release|Any CPU
		{62CCD516-DECF-43A4-B8B9-0F04A21A82AC}.Release|Any CPU.Build.0 = Release|Any CPU
		{8BECD8D6-0C6C-480D-B3E6-1916369E87BA}.Debug|Any CPU.ActiveCfg = Debug|Any CPU
		{8BECD8D6-0C6C-480D-B3E6-1916369E87BA}.Debug|Any CPU.Build.0 = Debug|Any CPU
		{8BECD8D6-0C6C-480D-B3E6-1916369E87BA}.Release|Any CPU.ActiveCfg = Release|Any CPU
		{8BECD8D6-0C6C-480D-B3E6-1916369E87BA}.Release|Any CPU.Build.0 = Release|Any CPU
		{B99938E1-ECB4-4A13-8E25-3B7368AA41D8}.Debug|Any CPU.ActiveCfg = Debug|Any CPU
		{B99938E1-ECB4-4A13-8E25-3B7368AA41D8}.Debug|Any CPU.Build.0 = Debug|Any CPU
		{B99938E1-ECB4-4A13-8E25-3B7368AA41D8}.Release|Any CPU.ActiveCfg = Release|Any CPU
		{B99938E1-ECB4-4A13-8E25-3B7368AA41D8}.Release|Any CPU.Build.0 = Release|Any CPU
		{1BA61311-9EB4-4046-9345-960C8B40E0C3}.Debug|Any CPU.ActiveCfg = Debug|Any CPU
		{1BA61311-9EB4-4046-9345-960C8B40E0C3}.Debug|Any CPU.Build.0 = Debug|Any CPU
		{1BA61311-9EB4-4046-9345-960C8B40E0C3}.Release|Any CPU.ActiveCfg = Release|Any CPU
		{1BA61311-9EB4-4046-9345-960C8B40E0C3}.Release|Any CPU.Build.0 = Release|Any CPU
	EndGlobalSection
	GlobalSection(SolutionProperties) = preSolution
		HideSolutionNode = FALSE
	EndGlobalSection
	GlobalSection(TeamFoundationVersionControl) = preSolution
		SccNumberOfProjects = 5
		SccEnterpriseProvider = {4CA58AB2-18FA-4F8D-95D4-32DDF27D184C}
		SccTeamFoundationServer = https://zulfus.visualstudio.com/
		SccLocalPath0 = .
		SccProjectUniqueName1 = DataAccess\\DataAccess.csproj
		SccProjectName1 = DataAccess
		SccLocalPath1 = DataAccess
		SccProjectUniqueName2 = Domain.Testing\\Domain.Testing.csproj
		SccProjectName2 = Domain.Testing
		SccLocalPath2 = Domain.Testing
		SccProjectUniqueName3 = Domain\\Domain.csproj
		SccProjectName3 = Domain
		SccLocalPath3 = Domain
		SccProjectUniqueName4 = EventsMap\\UI.csproj
		SccProjectName4 = EventsMap
		SccLocalPath4 = EventsMap
	EndGlobalSection
EndGlobal
